
Microsoft Visual Studio Solution File, Format Version 12.00
# Visual Studio Version 17
VisualStudioVersion = 17.2.32505.173
MinimumVisualStudioVersion = 10.0.40219.1
Project("{FAE04EC0-301F-11D3-BF4B-00C04F79EFBC}") = "lab12", "lab12.csproj", "{4259C6DD-EEF8-4C21-A8E6-4CA4148759D0}"
EndProject
Global
	GlobalSection(SolutionConfigurationPlatforms) = preSolution
		Debug|Any CPU = Debug|Any CPU
		Release|Any CPU = Release|Any CPU
	EndGlobalSection
	GlobalSection(ProjectConfigurationPlatforms) = postSolution
		{4259C6DD-EEF8-4C21-A8E6-4CA4148759D0}.Debug|Any CPU.ActiveCfg = Debug|Any CPU
		{4259C6DD-EEF8-4C21-A8E6-4CA4148759D0}.Debug|Any CPU.Build.0 = Debug|Any CPU
		{4259C6DD-EEF8-4C21-A8E6-4CA4148759D0}.Release|Any CPU.ActiveCfg = Release|Any CPU
		{4259C6DD-EEF8-4C21-A8E6-4CA4148759D0}.Release|Any CPU.Build.0 = Release|Any CPU
	EndGlobalSection
	GlobalSection(SolutionProperties) = preSolution
		HideSolutionNode = FALSE
	EndGlobalSection
	GlobalSection(ExtensibilityGlobals) = postSolution
		SolutionGuid = {43DEDFA7-EF02-45F3-A570-293A8E2C6AFD}
	EndGlobalSection
EndGlobal
